
Microsoft Visual Studio Solution File, Format Version 12.00
# Visual Studio Version 16
VisualStudioVersion = 16.0.34931.43
MinimumVisualStudioVersion = 10.0.40219.1
Project("{FAE04EC0-301F-11D3-BF4B-00C04F79EFBC}") = "Array programs", "Array programs\Array programs.csproj", "{93B7DB00-C8EF-4824-8FC6-9C3AA2AB320A}"
EndProject
Global
	GlobalSection(SolutionConfigurationPlatforms) = preSolution
		Debug|Any CPU = Debug|Any CPU
		Release|Any CPU = Release|Any CPU
	EndGlobalSection
	GlobalSection(ProjectConfigurationPlatforms) = postSolution
		{93B7DB00-C8EF-4824-8FC6-9C3AA2AB320A}.Debug|Any CPU.ActiveCfg = Debug|Any CPU
		{93B7DB00-C8EF-4824-8FC6-9C3AA2AB320A}.Debug|Any CPU.Build.0 = Debug|Any CPU
		{93B7DB00-C8EF-4824-8FC6-9C3AA2AB320A}.Release|Any CPU.ActiveCfg = Release|Any CPU
		{93B7DB00-C8EF-4824-8FC6-9C3AA2AB320A}.Release|Any CPU.Build.0 = Release|Any CPU
	EndGlobalSection
	GlobalSection(SolutionProperties) = preSolution
		HideSolutionNode = FALSE
	EndGlobalSection
	GlobalSection(ExtensibilityGlobals) = postSolution
		SolutionGuid = {1A44C09F-1FD6-4698-84AA-0D5C6B4651BA}
	EndGlobalSection
EndGlobal
