
Microsoft Visual Studio Solution File, Format Version 12.00
# Visual Studio Version 16
VisualStudioVersion = 16.0.34931.43
MinimumVisualStudioVersion = 10.0.40219.1
Project("{FAE04EC0-301F-11D3-BF4B-00C04F79EFBC}") = "Ass 4-pgm 2", "Ass 4-pgm 2\Ass 4-pgm 2.csproj", "{8EBC3369-844B-4864-8CF0-EDB6DF6E41AA}"
EndProject
Global
	GlobalSection(SolutionConfigurationPlatforms) = preSolution
		Debug|Any CPU = Debug|Any CPU
		Release|Any CPU = Release|Any CPU
	EndGlobalSection
	GlobalSection(ProjectConfigurationPlatforms) = postSolution
		{8EBC3369-844B-4864-8CF0-EDB6DF6E41AA}.Debug|Any CPU.ActiveCfg = Debug|Any CPU
		{8EBC3369-844B-4864-8CF0-EDB6DF6E41AA}.Debug|Any CPU.Build.0 = Debug|Any CPU
		{8EBC3369-844B-4864-8CF0-EDB6DF6E41AA}.Release|Any CPU.ActiveCfg = Release|Any CPU
		{8EBC3369-844B-4864-8CF0-EDB6DF6E41AA}.Release|Any CPU.Build.0 = Release|Any CPU
	EndGlobalSection
	GlobalSection(SolutionProperties) = preSolution
		HideSolutionNode = FALSE
	EndGlobalSection
	GlobalSection(ExtensibilityGlobals) = postSolution
		SolutionGuid = {00695746-B380-400C-9C9F-C16D2086E37D}
	EndGlobalSection
EndGlobal
