
Microsoft Visual Studio Solution File, Format Version 12.00
# Visual Studio Version 16
VisualStudioVersion = 16.0.34931.43
MinimumVisualStudioVersion = 10.0.40219.1
Project("{FAE04EC0-301F-11D3-BF4B-00C04F79EFBC}") = "Assessment 2", "Assessment 2\Assessment 2.csproj", "{18D2C60A-C5EB-4FF4-8990-693D86B3EFAD}"
EndProject
Global
	GlobalSection(SolutionConfigurationPlatforms) = preSolution
		Debug|Any CPU = Debug|Any CPU
		Release|Any CPU = Release|Any CPU
	EndGlobalSection
	GlobalSection(ProjectConfigurationPlatforms) = postSolution
		{18D2C60A-C5EB-4FF4-8990-693D86B3EFAD}.Debug|Any CPU.ActiveCfg = Debug|Any CPU
		{18D2C60A-C5EB-4FF4-8990-693D86B3EFAD}.Debug|Any CPU.Build.0 = Debug|Any CPU
		{18D2C60A-C5EB-4FF4-8990-693D86B3EFAD}.Release|Any CPU.ActiveCfg = Release|Any CPU
		{18D2C60A-C5EB-4FF4-8990-693D86B3EFAD}.Release|Any CPU.Build.0 = Release|Any CPU
	EndGlobalSection
	GlobalSection(SolutionProperties) = preSolution
		HideSolutionNode = FALSE
	EndGlobalSection
	GlobalSection(ExtensibilityGlobals) = postSolution
		SolutionGuid = {2A107600-7141-4725-9045-3E89DF2041AF}
	EndGlobalSection
EndGlobal
